
Microsoft Visual Studio Solution File, Format Version 12.00
# Visual Studio Version 17
VisualStudioVersion = 17.8.34525.116
MinimumVisualStudioVersion = 10.0.40219.1
Project("{2150E333-8FDC-42A3-9474-1A3956D46DE8}") = "Platforms", "Platforms", "{2A43B228-EA52-4ED3-B451-A72BAA8CF6D2}"
EndProject
Project("{FAE04EC0-301F-11D3-BF4B-00C04F79EFBC}") = "Tests", "Tests\Tests.csproj", "{2C25DA65-6CB7-41F6-8BCD-C88792C10C78}"
EndProject
Project("{D954291E-2A0B-460D-934E-DC6B0785DB48}") = "SafeSkate.Mobile", "SafeSkate.Mobile\SafeSkate.Mobile\SafeSkate.Mobile.shproj", "{8E856692-A6D3-4498-B801-46C33D502AD7}"
EndProject
Project("{FAE04EC0-301F-11D3-BF4B-00C04F79EFBC}") = "SafeSkate.Mobile.Droid", "SafeSkate.Mobile\SafeSkate.Mobile.Droid\SafeSkate.Mobile.Droid.csproj", "{037A5C6B-100A-4AF9-840A-5AC83A825BF3}"
EndProject
Project("{FAE04EC0-301F-11D3-BF4B-00C04F79EFBC}") = "SafeSkate.Mobile.iOS", "SafeSkate.Mobile\SafeSkate.Mobile.iOS\SafeSkate.Mobile.iOS.csproj", "{EE125D0E-FF31-4F7E-9127-F6AB188BC240}"
EndProject
Project("{FAE04EC0-301F-11D3-BF4B-00C04F79EFBC}") = "SafeSkate", "..\Backend\SafeSkate\SafeSkate.csproj", "{6A72B0D6-40BF-4E20-9117-9D8F78ED3D3F}"
EndProject
Project("{FAE04EC0-301F-11D3-BF4B-00C04F79EFBC}") = "SafeSkate.MacOS", "SafeSkate.MacOS\SafeSkate.MacOS.csproj", "{FEC2BD77-C941-4B99-8BD1-1E2B63107D92}"
EndProject
Global
	GlobalSection(SolutionConfigurationPlatforms) = preSolution
		Ad-Hoc|Any CPU = Ad-Hoc|Any CPU
		Ad-Hoc|iPhone = Ad-Hoc|iPhone
		Ad-Hoc|iPhoneSimulator = Ad-Hoc|iPhoneSimulator
		AppStore|Any CPU = AppStore|Any CPU
		AppStore|iPhone = AppStore|iPhone
		AppStore|iPhoneSimulator = AppStore|iPhoneSimulator
		Debug|Any CPU = Debug|Any CPU
		Debug|iPhone = Debug|iPhone
		Debug|iPhoneSimulator = Debug|iPhoneSimulator
		Release|Any CPU = Release|Any CPU
		Release|iPhone = Release|iPhone
		Release|iPhoneSimulator = Release|iPhoneSimulator
	EndGlobalSection
	GlobalSection(ProjectConfigurationPlatforms) = postSolution
		{2C25DA65-6CB7-41F6-8BCD-C88792C10C78}.Ad-Hoc|Any CPU.ActiveCfg = Release|Any CPU
		{2C25DA65-6CB7-41F6-8BCD-C88792C10C78}.Ad-Hoc|Any CPU.Build.0 = Release|Any CPU
		{2C25DA65-6CB7-41F6-8BCD-C88792C10C78}.Ad-Hoc|iPhone.ActiveCfg = Debug|Any CPU
		{2C25DA65-6CB7-41F6-8BCD-C88792C10C78}.Ad-Hoc|iPhone.Build.0 = Debug|Any CPU
		{2C25DA65-6CB7-41F6-8BCD-C88792C10C78}.Ad-Hoc|iPhoneSimulator.ActiveCfg = Release|Any CPU
		{2C25DA65-6CB7-41F6-8BCD-C88792C10C78}.Ad-Hoc|iPhoneSimulator.Build.0 = Release|Any CPU
		{2C25DA65-6CB7-41F6-8BCD-C88792C10C78}.AppStore|Any CPU.ActiveCfg = Release|Any CPU
		{2C25DA65-6CB7-41F6-8BCD-C88792C10C78}.AppStore|Any CPU.Build.0 = Release|Any CPU
		{2C25DA65-6CB7-41F6-8BCD-C88792C10C78}.AppStore|iPhone.ActiveCfg = Debug|Any CPU
		{2C25DA65-6CB7-41F6-8BCD-C88792C10C78}.AppStore|iPhone.Build.0 = Debug|Any CPU
		{2C25DA65-6CB7-41F6-8BCD-C88792C10C78}.AppStore|iPhoneSimulator.ActiveCfg = Release|Any CPU
		{2C25DA65-6CB7-41F6-8BCD-C88792C10C78}.AppStore|iPhoneSimulator.Build.0 = Release|Any CPU
		{2C25DA65-6CB7-41F6-8BCD-C88792C10C78}.Debug|Any CPU.ActiveCfg = Debug|Any CPU
		{2C25DA65-6CB7-41F6-8BCD-C88792C10C78}.Debug|Any CPU.Build.0 = Debug|Any CPU
		{2C25DA65-6CB7-41F6-8BCD-C88792C10C78}.Debug|iPhone.ActiveCfg = Debug|Any CPU
		{2C25DA65-6CB7-41F6-8BCD-C88792C10C78}.Debug|iPhone.Build.0 = Debug|Any CPU
		{2C25DA65-6CB7-41F6-8BCD-C88792C10C78}.Debug|iPhoneSimulator.ActiveCfg = Debug|Any CPU
		{2C25DA65-6CB7-41F6-8BCD-C88792C10C78}.Debug|iPhoneSimulator.Build.0 = Debug|Any CPU
		{2C25DA65-6CB7-41F6-8BCD-C88792C10C78}.Release|Any CPU.ActiveCfg = Release|Any CPU
		{2C25DA65-6CB7-41F6-8BCD-C88792C10C78}.Release|Any CPU.Build.0 = Release|Any CPU
		{2C25DA65-6CB7-41F6-8BCD-C88792C10C78}.Release|iPhone.ActiveCfg = Release|Any CPU
		{2C25DA65-6CB7-41F6-8BCD-C88792C10C78}.Release|iPhone.Build.0 = Release|Any CPU
		{2C25DA65-6CB7-41F6-8BCD-C88792C10C78}.Release|iPhoneSimulator.ActiveCfg = Release|Any CPU
		{2C25DA65-6CB7-41F6-8BCD-C88792C10C78}.Release|iPhoneSimulator.Build.0 = Release|Any CPU
		{037A5C6B-100A-4AF9-840A-5AC83A825BF3}.Ad-Hoc|Any CPU.ActiveCfg = Debug|Any CPU
		{037A5C6B-100A-4AF9-840A-5AC83A825BF3}.Ad-Hoc|Any CPU.Build.0 = Debug|Any CPU
		{037A5C6B-100A-4AF9-840A-5AC83A825BF3}.Ad-Hoc|iPhone.ActiveCfg = Debug|Any CPU
		{037A5C6B-100A-4AF9-840A-5AC83A825BF3}.Ad-Hoc|iPhone.Build.0 = Debug|Any CPU
		{037A5C6B-100A-4AF9-840A-5AC83A825BF3}.Ad-Hoc|iPhoneSimulator.ActiveCfg = Debug|Any CPU
		{037A5C6B-100A-4AF9-840A-5AC83A825BF3}.Ad-Hoc|iPhoneSimulator.Build.0 = Debug|Any CPU
		{037A5C6B-100A-4AF9-840A-5AC83A825BF3}.AppStore|Any CPU.ActiveCfg = Debug|Any CPU
		{037A5C6B-100A-4AF9-840A-5AC83A825BF3}.AppStore|Any CPU.Build.0 = Debug|Any CPU
		{037A5C6B-100A-4AF9-840A-5AC83A825BF3}.AppStore|iPhone.ActiveCfg = Debug|Any CPU
		{037A5C6B-100A-4AF9-840A-5AC83A825BF3}.AppStore|iPhone.Build.0 = Debug|Any CPU
		{037A5C6B-100A-4AF9-840A-5AC83A825BF3}.AppStore|iPhoneSimulator.ActiveCfg = Debug|Any CPU
		{037A5C6B-100A-4AF9-840A-5AC83A825BF3}.AppStore|iPhoneSimulator.Build.0 = Debug|Any CPU
		{037A5C6B-100A-4AF9-840A-5AC83A825BF3}.Debug|Any CPU.ActiveCfg = Debug|Any CPU
		{037A5C6B-100A-4AF9-840A-5AC83A825BF3}.Debug|Any CPU.Build.0 = Debug|Any CPU
		{037A5C6B-100A-4AF9-840A-5AC83A825BF3}.Debug|iPhone.ActiveCfg = Debug|Any CPU
		{037A5C6B-100A-4AF9-840A-5AC83A825BF3}.Debug|iPhone.Build.0 = Debug|Any CPU
		{037A5C6B-100A-4AF9-840A-5AC83A825BF3}.Debug|iPhoneSimulator.ActiveCfg = Debug|Any CPU
		{037A5C6B-100A-4AF9-840A-5AC83A825BF3}.Debug|iPhoneSimulator.Build.0 = Debug|Any CPU
		{037A5C6B-100A-4AF9-840A-5AC83A825BF3}.Release|Any CPU.ActiveCfg = Release|Any CPU
		{037A5C6B-100A-4AF9-840A-5AC83A825BF3}.Release|Any CPU.Build.0 = Release|Any CPU
		{037A5C6B-100A-4AF9-840A-5AC83A825BF3}.Release|iPhone.ActiveCfg = Release|Any CPU
		{037A5C6B-100A-4AF9-840A-5AC83A825BF3}.Release|iPhone.Build.0 = Release|Any CPU
		{037A5C6B-100A-4AF9-840A-5AC83A825BF3}.Release|iPhoneSimulator.ActiveCfg = Release|Any CPU
		{037A5C6B-100A-4AF9-840A-5AC83A825BF3}.Release|iPhoneSimulator.Build.0 = Release|Any CPU
		{EE125D0E-FF31-4F7E-9127-F6AB188BC240}.Ad-Hoc|Any CPU.ActiveCfg = Ad-Hoc|iPhone
		{EE125D0E-FF31-4F7E-9127-F6AB188BC240}.Ad-Hoc|Any CPU.Build.0 = Ad-Hoc|iPhone
		{EE125D0E-FF31-4F7E-9127-F6AB188BC240}.Ad-Hoc|iPhone.ActiveCfg = Ad-Hoc|iPhone
		{EE125D0E-FF31-4F7E-9127-F6AB188BC240}.Ad-Hoc|iPhone.Build.0 = Ad-Hoc|iPhone
		{EE125D0E-FF31-4F7E-9127-F6AB188BC240}.Ad-Hoc|iPhoneSimulator.ActiveCfg = Ad-Hoc|iPhone
		{EE125D0E-FF31-4F7E-9127-F6AB188BC240}.Ad-Hoc|iPhoneSimulator.Build.0 = Ad-Hoc|iPhone
		{EE125D0E-FF31-4F7E-9127-F6AB188BC240}.AppStore|Any CPU.ActiveCfg = AppStore|iPhone
		{EE125D0E-FF31-4F7E-9127-F6AB188BC240}.AppStore|Any CPU.Build.0 = AppStore|iPhone
		{EE125D0E-FF31-4F7E-9127-F6AB188BC240}.AppStore|iPhone.ActiveCfg = AppStore|iPhone
		{EE125D0E-FF31-4F7E-9127-F6AB188BC240}.AppStore|iPhone.Build.0 = AppStore|iPhone
		{EE125D0E-FF31-4F7E-9127-F6AB188BC240}.AppStore|iPhoneSimulator.ActiveCfg = AppStore|iPhone
		{EE125D0E-FF31-4F7E-9127-F6AB188BC240}.AppStore|iPhoneSimulator.Build.0 = AppStore|iPhone
		{EE125D0E-FF31-4F7E-9127-F6AB188BC240}.Debug|Any CPU.ActiveCfg = Debug|iPhoneSimulator
		{EE125D0E-FF31-4F7E-9127-F6AB188BC240}.Debug|Any CPU.Build.0 = Debug|iPhoneSimulator
		{EE125D0E-FF31-4F7E-9127-F6AB188BC240}.Debug|iPhone.ActiveCfg = Debug|iPhone
		{EE125D0E-FF31-4F7E-9127-F6AB188BC240}.Debug|iPhone.Build.0 = Debug|iPhone
		{EE125D0E-FF31-4F7E-9127-F6AB188BC240}.Debug|iPhoneSimulator.ActiveCfg = Debug|iPhoneSimulator
		{EE125D0E-FF31-4F7E-9127-F6AB188BC240}.Debug|iPhoneSimulator.Build.0 = Debug|iPhoneSimulator
		{EE125D0E-FF31-4F7E-9127-F6AB188BC240}.Release|Any CPU.ActiveCfg = Release|iPhoneSimulator
		{EE125D0E-FF31-4F7E-9127-F6AB188BC240}.Release|Any CPU.Build.0 = Release|iPhoneSimulator
		{EE125D0E-FF31-4F7E-9127-F6AB188BC240}.Release|iPhone.ActiveCfg = Release|iPhone
		{EE125D0E-FF31-4F7E-9127-F6AB188BC240}.Release|iPhone.Build.0 = Release|iPhone
		{EE125D0E-FF31-4F7E-9127-F6AB188BC240}.Release|iPhoneSimulator.ActiveCfg = Release|iPhoneSimulator
		{EE125D0E-FF31-4F7E-9127-F6AB188BC240}.Release|iPhoneSimulator.Build.0 = Release|iPhoneSimulator
		{6A72B0D6-40BF-4E20-9117-9D8F78ED3D3F}.Ad-Hoc|Any CPU.ActiveCfg = Debug|Any CPU
		{6A72B0D6-40BF-4E20-9117-9D8F78ED3D3F}.Ad-Hoc|Any CPU.Build.0 = Debug|Any CPU
		{6A72B0D6-40BF-4E20-9117-9D8F78ED3D3F}.Ad-Hoc|iPhone.ActiveCfg = Debug|Any CPU
		{6A72B0D6-40BF-4E20-9117-9D8F78ED3D3F}.Ad-Hoc|iPhone.Build.0 = Debug|Any CPU
		{6A72B0D6-40BF-4E20-9117-9D8F78ED3D3F}.Ad-Hoc|iPhoneSimulator.ActiveCfg = Debug|Any CPU
		{6A72B0D6-40BF-4E20-9117-9D8F78ED3D3F}.Ad-Hoc|iPhoneSimulator.Build.0 = Debug|Any CPU
		{6A72B0D6-40BF-4E20-9117-9D8F78ED3D3F}.AppStore|Any CPU.ActiveCfg = Debug|Any CPU
		{6A72B0D6-40BF-4E20-9117-9D8F78ED3D3F}.AppStore|Any CPU.Build.0 = Debug|Any CPU
		{6A72B0D6-40BF-4E20-9117-9D8F78ED3D3F}.AppStore|iPhone.ActiveCfg = Debug|Any CPU
		{6A72B0D6-40BF-4E20-9117-9D8F78ED3D3F}.AppStore|iPhone.Build.0 = Debug|Any CPU
		{6A72B0D6-40BF-4E20-9117-9D8F78ED3D3F}.AppStore|iPhoneSimulator.ActiveCfg = Debug|Any CPU
		{6A72B0D6-40BF-4E20-9117-9D8F78ED3D3F}.AppStore|iPhoneSimulator.Build.0 = Debug|Any CPU
		{6A72B0D6-40BF-4E20-9117-9D8F78ED3D3F}.Debug|Any CPU.ActiveCfg = Debug|Any CPU
		{6A72B0D6-40BF-4E20-9117-9D8F78ED3D3F}.Debug|Any CPU.Build.0 = Debug|Any CPU
		{6A72B0D6-40BF-4E20-9117-9D8F78ED3D3F}.Debug|iPhone.ActiveCfg = Debug|Any CPU
		{6A72B0D6-40BF-4E20-9117-9D8F78ED3D3F}.Debug|iPhone.Build.0 = Debug|Any CPU
		{6A72B0D6-40BF-4E20-9117-9D8F78ED3D3F}.Debug|iPhoneSimulator.ActiveCfg = Debug|Any CPU
		{6A72B0D6-40BF-4E20-9117-9D8F78ED3D3F}.Debug|iPhoneSimulator.Build.0 = Debug|Any CPU
		{6A72B0D6-40BF-4E20-9117-9D8F78ED3D3F}.Release|Any CPU.ActiveCfg = Release|Any CPU
		{6A72B0D6-40BF-4E20-9117-9D8F78ED3D3F}.Release|Any CPU.Build.0 = Release|Any CPU
		{6A72B0D6-40BF-4E20-9117-9D8F78ED3D3F}.Release|iPhone.ActiveCfg = Release|Any CPU
		{6A72B0D6-40BF-4E20-9117-9D8F78ED3D3F}.Release|iPhone.Build.0 = Release|Any CPU
		{6A72B0D6-40BF-4E20-9117-9D8F78ED3D3F}.Release|iPhoneSimulator.ActiveCfg = Release|Any CPU
		{6A72B0D6-40BF-4E20-9117-9D8F78ED3D3F}.Release|iPhoneSimulator.Build.0 = Release|Any CPU
		{FEC2BD77-C941-4B99-8BD1-1E2B63107D92}.Ad-Hoc|Any CPU.ActiveCfg = Debug|x86
		{FEC2BD77-C941-4B99-8BD1-1E2B63107D92}.Ad-Hoc|Any CPU.Build.0 = Debug|x86
		{FEC2BD77-C941-4B99-8BD1-1E2B63107D92}.Ad-Hoc|iPhone.ActiveCfg = Debug|x86
		{FEC2BD77-C941-4B99-8BD1-1E2B63107D92}.Ad-Hoc|iPhone.Build.0 = Debug|x86
		{FEC2BD77-C941-4B99-8BD1-1E2B63107D92}.Ad-Hoc|iPhoneSimulator.ActiveCfg = Debug|x86
		{FEC2BD77-C941-4B99-8BD1-1E2B63107D92}.Ad-Hoc|iPhoneSimulator.Build.0 = Debug|x86
		{FEC2BD77-C941-4B99-8BD1-1E2B63107D92}.AppStore|Any CPU.ActiveCfg = Debug|x86
		{FEC2BD77-C941-4B99-8BD1-1E2B63107D92}.AppStore|Any CPU.Build.0 = Debug|x86
		{FEC2BD77-C941-4B99-8BD1-1E2B63107D92}.AppStore|iPhone.ActiveCfg = Debug|x86
		{FEC2BD77-C941-4B99-8BD1-1E2B63107D92}.AppStore|iPhone.Build.0 = Debug|x86
		{FEC2BD77-C941-4B99-8BD1-1E2B63107D92}.AppStore|iPhoneSimulator.ActiveCfg = Debug|x86
		{FEC2BD77-C941-4B99-8BD1-1E2B63107D92}.AppStore|iPhoneSimulator.Build.0 = Debug|x86
		{FEC2BD77-C941-4B99-8BD1-1E2B63107D92}.Debug|Any CPU.ActiveCfg = Debug|x86
		{FEC2BD77-C941-4B99-8BD1-1E2B63107D92}.Debug|Any CPU.Build.0 = Debug|x86
		{FEC2BD77-C941-4B99-8BD1-1E2B63107D92}.Debug|iPhone.ActiveCfg = Debug|x86
		{FEC2BD77-C941-4B99-8BD1-1E2B63107D92}.Debug|iPhone.Build.0 = Debug|x86
		{FEC2BD77-C941-4B99-8BD1-1E2B63107D92}.Debug|iPhoneSimulator.ActiveCfg = Debug|x86
		{FEC2BD77-C941-4B99-8BD1-1E2B63107D92}.Debug|iPhoneSimulator.Build.0 = Debug|x86
		{FEC2BD77-C941-4B99-8BD1-1E2B63107D92}.Release|Any CPU.ActiveCfg = Release|x86
		{FEC2BD77-C941-4B99-8BD1-1E2B63107D92}.Release|Any CPU.Build.0 = Release|x86
		{FEC2BD77-C941-4B99-8BD1-1E2B63107D92}.Release|iPhone.ActiveCfg = Release|x86
		{FEC2BD77-C941-4B99-8BD1-1E2B63107D92}.Release|iPhone.Build.0 = Release|x86
		{FEC2BD77-C941-4B99-8BD1-1E2B63107D92}.Release|iPhoneSimulator.ActiveCfg = Release|x86
		{FEC2BD77-C941-4B99-8BD1-1E2B63107D92}.Release|iPhoneSimulator.Build.0 = Release|x86
	EndGlobalSection
	GlobalSection(SolutionProperties) = preSolution
		HideSolutionNode = FALSE
	EndGlobalSection
	GlobalSection(NestedProjects) = preSolution
		{037A5C6B-100A-4AF9-840A-5AC83A825BF3} = {2A43B228-EA52-4ED3-B451-A72BAA8CF6D2}
		{EE125D0E-FF31-4F7E-9127-F6AB188BC240} = {2A43B228-EA52-4ED3-B451-A72BAA8CF6D2}
	EndGlobalSection
	GlobalSection(ExtensibilityGlobals) = postSolution
		SolutionGuid = {33B1C5D0-1C7A-44DE-9043-512F30BBB52C}
	EndGlobalSection
EndGlobal
