
Microsoft Visual Studio Solution File, Format Version 12.00
# Visual Studio Version 17
VisualStudioVersion = 17.8.34330.188
MinimumVisualStudioVersion = 10.0.40219.1
Project("{9A19103F-16F7-4668-BE54-9A1E7A4F7556}") = "Tests", "Tests\Tests.csproj", "{721FBE6C-2115-46BA-A7A4-8458D36E0336}"
EndProject
Project("{9A19103F-16F7-4668-BE54-9A1E7A4F7556}") = "SafeSkate", "SafeSkate\SafeSkate.csproj", "{C50ECD0A-02A1-4DA3-8477-2CAF5BDF62A1}"
EndProject
Project("{9A19103F-16F7-4668-BE54-9A1E7A4F7556}") = "SafeSkate.Service", "SafeSkate.Service\SafeSkate.Service.csproj", "{18DF1A10-2013-435A-BAC1-FDE969E73C80}"
EndProject
Project("{9A19103F-16F7-4668-BE54-9A1E7A4F7556}") = "SafeSkate.Desktop", "SafeSkate.Desktop\SafeSkate.Desktop.csproj", "{271187C4-ECFA-4894-954F-EA2F71B32469}"
EndProject
Project("{FAE04EC0-301F-11D3-BF4B-00C04F79EFBC}") = "SafeSkate.Console", "SafeSkate.Console\SafeSkate.Console.csproj", "{51BA4547-70B4-425D-A0D9-80F7C74FB06D}"
EndProject
Global
	GlobalSection(SolutionConfigurationPlatforms) = preSolution
		Debug|Any CPU = Debug|Any CPU
		Release|Any CPU = Release|Any CPU
	EndGlobalSection
	GlobalSection(ProjectConfigurationPlatforms) = postSolution
		{721FBE6C-2115-46BA-A7A4-8458D36E0336}.Debug|Any CPU.ActiveCfg = Debug|Any CPU
		{721FBE6C-2115-46BA-A7A4-8458D36E0336}.Debug|Any CPU.Build.0 = Debug|Any CPU
		{721FBE6C-2115-46BA-A7A4-8458D36E0336}.Release|Any CPU.ActiveCfg = Release|Any CPU
		{721FBE6C-2115-46BA-A7A4-8458D36E0336}.Release|Any CPU.Build.0 = Release|Any CPU
		{C50ECD0A-02A1-4DA3-8477-2CAF5BDF62A1}.Debug|Any CPU.ActiveCfg = Debug|Any CPU
		{C50ECD0A-02A1-4DA3-8477-2CAF5BDF62A1}.Debug|Any CPU.Build.0 = Debug|Any CPU
		{C50ECD0A-02A1-4DA3-8477-2CAF5BDF62A1}.Release|Any CPU.ActiveCfg = Release|Any CPU
		{C50ECD0A-02A1-4DA3-8477-2CAF5BDF62A1}.Release|Any CPU.Build.0 = Release|Any CPU
		{18DF1A10-2013-435A-BAC1-FDE969E73C80}.Debug|Any CPU.ActiveCfg = Debug|Any CPU
		{18DF1A10-2013-435A-BAC1-FDE969E73C80}.Debug|Any CPU.Build.0 = Debug|Any CPU
		{18DF1A10-2013-435A-BAC1-FDE969E73C80}.Release|Any CPU.ActiveCfg = Release|Any CPU
		{18DF1A10-2013-435A-BAC1-FDE969E73C80}.Release|Any CPU.Build.0 = Release|Any CPU
		{271187C4-ECFA-4894-954F-EA2F71B32469}.Debug|Any CPU.ActiveCfg = Debug|Any CPU
		{271187C4-ECFA-4894-954F-EA2F71B32469}.Debug|Any CPU.Build.0 = Debug|Any CPU
		{271187C4-ECFA-4894-954F-EA2F71B32469}.Release|Any CPU.ActiveCfg = Release|Any CPU
		{271187C4-ECFA-4894-954F-EA2F71B32469}.Release|Any CPU.Build.0 = Release|Any CPU
		{51BA4547-70B4-425D-A0D9-80F7C74FB06D}.Debug|Any CPU.ActiveCfg = Debug|Any CPU
		{51BA4547-70B4-425D-A0D9-80F7C74FB06D}.Debug|Any CPU.Build.0 = Debug|Any CPU
		{51BA4547-70B4-425D-A0D9-80F7C74FB06D}.Release|Any CPU.ActiveCfg = Release|Any CPU
		{51BA4547-70B4-425D-A0D9-80F7C74FB06D}.Release|Any CPU.Build.0 = Release|Any CPU
	EndGlobalSection
	GlobalSection(SolutionProperties) = preSolution
		HideSolutionNode = FALSE
	EndGlobalSection
	GlobalSection(ExtensibilityGlobals) = postSolution
		SolutionGuid = {01F2808B-EC04-4BC7-B4F5-D50C5954020D}
	EndGlobalSection
EndGlobal
