// !$*UTF8*$!
{
	archiveVersion = 1;
	classes = {
	};
	objectVersion = 56;
	objects = {

/* Begin PBXBuildFile section */
		AD88ECAC2BE0BB600021D1D6 /* AppDelegate.m in Sources */ = {isa = PBXBuildFile; fileRef = AD88ECAB2BE0BB600021D1D6 /* AppDelegate.m */; };
		AD88ECAF2BE0BB600021D1D6 /* SceneDelegate.m in Sources */ = {isa = PBXBuildFile; fileRef = AD88ECAE2BE0BB600021D1D6 /* SceneDelegate.m */; };
		AD88ECB22BE0BB600021D1D6 /* ViewController.m in Sources */ = {isa = PBXBuildFile; fileRef = AD88ECB12BE0BB600021D1D6 /* ViewController.m */; };
		AD88ECB52BE0BB600021D1D6 /* Base in Resources */ = {isa = PBXBuildFile; fileRef = AD88ECB42BE0BB600021D1D6 /* Base */; };
		AD88ECB72BE0BB620021D1D6 /* Assets.xcassets in Resources */ = {isa = PBXBuildFile; fileRef = AD88ECB62BE0BB620021D1D6 /* Assets.xcassets */; };
		AD88ECBA2BE0BB620021D1D6 /* Base in Resources */ = {isa = PBXBuildFile; fileRef = AD88ECB92BE0BB620021D1D6 /* Base */; };
		AD88ECBD2BE0BB620021D1D6 /* main.m in Sources */ = {isa = PBXBuildFile; fileRef = AD88ECBC2BE0BB620021D1D6 /* main.m */; };
		AD88ECC72BE0BB620021D1D6 /* SafeSkate_Mobile_IOSTests.m in Sources */ = {isa = PBXBuildFile; fileRef = AD88ECC62BE0BB620021D1D6 /* SafeSkate_Mobile_IOSTests.m */; };
		AD88ECD12BE0BB620021D1D6 /* SafeSkate_Mobile_IOSUITests.m in Sources */ = {isa = PBXBuildFile; fileRef = AD88ECD02BE0BB620021D1D6 /* SafeSkate_Mobile_IOSUITests.m */; };
		AD88ECD32BE0BB620021D1D6 /* SafeSkate_Mobile_IOSUITestsLaunchTests.m in Sources */ = {isa = PBXBuildFile; fileRef = AD88ECD22BE0BB620021D1D6 /* SafeSkate_Mobile_IOSUITestsLaunchTests.m */; };
/* End PBXBuildFile section */

/* Begin PBXContainerItemProxy section */
		AD88ECC32BE0BB620021D1D6 /* PBXContainerItemProxy */ = {
			isa = PBXContainerItemProxy;
			containerPortal = AD88EC9F2BE0BB600021D1D6 /* Project object */;
			proxyType = 1;
			remoteGlobalIDString = AD88ECA62BE0BB600021D1D6;
			remoteInfo = SafeSkate.Mobile.IOS;
		};
		AD88ECCD2BE0BB620021D1D6 /* PBXContainerItemProxy */ = {
			isa = PBXContainerItemProxy;
			containerPortal = AD88EC9F2BE0BB600021D1D6 /* Project object */;
			proxyType = 1;
			remoteGlobalIDString = AD88ECA62BE0BB600021D1D6;
			remoteInfo = SafeSkate.Mobile.IOS;
		};
/* End PBXContainerItemProxy section */

/* Begin PBXFileReference section */
		AD88ECA72BE0BB600021D1D6 /* SafeSkate.Mobile.IOS.app */ = {isa = PBXFileReference; explicitFileType = wrapper.application; includeInIndex = 0; path = SafeSkate.Mobile.IOS.app; sourceTree = BUILT_PRODUCTS_DIR; };
		AD88ECAA2BE0BB600021D1D6 /* AppDelegate.h */ = {isa = PBXFileReference; lastKnownFileType = sourcecode.c.h; path = AppDelegate.h; sourceTree = "<group>"; };
		AD88ECAB2BE0BB600021D1D6 /* AppDelegate.m */ = {isa = PBXFileReference; lastKnownFileType = sourcecode.c.objc; path = AppDelegate.m; sourceTree = "<group>"; };
		AD88ECAD2BE0BB600021D1D6 /* SceneDelegate.h */ = {isa = PBXFileReference; lastKnownFileType = sourcecode.c.h; path = SceneDelegate.h; sourceTree = "<group>"; };
		AD88ECAE2BE0BB600021D1D6 /* SceneDelegate.m */ = {isa = PBXFileReference; lastKnownFileType = sourcecode.c.objc; path = SceneDelegate.m; sourceTree = "<group>"; };
		AD88ECB02BE0BB600021D1D6 /* ViewController.h */ = {isa = PBXFileReference; lastKnownFileType = sourcecode.c.h; path = ViewController.h; sourceTree = "<group>"; };
		AD88ECB12BE0BB600021D1D6 /* ViewController.m */ = {isa = PBXFileReference; lastKnownFileType = sourcecode.c.objc; path = ViewController.m; sourceTree = "<group>"; };
		AD88ECB42BE0BB600021D1D6 /* Base */ = {isa = PBXFileReference; lastKnownFileType = file.storyboard; name = Base; path = Base.lproj/Main.storyboard; sourceTree = "<group>"; };
		AD88ECB62BE0BB620021D1D6 /* Assets.xcassets */ = {isa = PBXFileReference; lastKnownFileType = folder.assetcatalog; path = Assets.xcassets; sourceTree = "<group>"; };
		AD88ECB92BE0BB620021D1D6 /* Base */ = {isa = PBXFileReference; lastKnownFileType = file.storyboard; name = Base; path = Base.lproj/LaunchScreen.storyboard; sourceTree = "<group>"; };
		AD88ECBB2BE0BB620021D1D6 /* Info.plist */ = {isa = PBXFileReference; lastKnownFileType = text.plist.xml; path = Info.plist; sourceTree = "<group>"; };
		AD88ECBC2BE0BB620021D1D6 /* main.m */ = {isa = PBXFileReference; lastKnownFileType = sourcecode.c.objc; path = main.m; sourceTree = "<group>"; };
		AD88ECC22BE0BB620021D1D6 /* SafeSkate.Mobile.IOSTests.xctest */ = {isa = PBXFileReference; explicitFileType = wrapper.cfbundle; includeInIndex = 0; path = SafeSkate.Mobile.IOSTests.xctest; sourceTree = BUILT_PRODUCTS_DIR; };
		AD88ECC62BE0BB620021D1D6 /* SafeSkate_Mobile_IOSTests.m */ = {isa = PBXFileReference; lastKnownFileType = sourcecode.c.objc; path = SafeSkate_Mobile_IOSTests.m; sourceTree = "<group>"; };
		AD88ECCC2BE0BB620021D1D6 /* SafeSkate.Mobile.IOSUITests.xctest */ = {isa = PBXFileReference; explicitFileType = wrapper.cfbundle; includeInIndex = 0; path = SafeSkate.Mobile.IOSUITests.xctest; sourceTree = BUILT_PRODUCTS_DIR; };
		AD88ECD02BE0BB620021D1D6 /* SafeSkate_Mobile_IOSUITests.m */ = {isa = PBXFileReference; lastKnownFileType = sourcecode.c.objc; path = SafeSkate_Mobile_IOSUITests.m; sourceTree = "<group>"; };
		AD88ECD22BE0BB620021D1D6 /* SafeSkate_Mobile_IOSUITestsLaunchTests.m */ = {isa = PBXFileReference; lastKnownFileType = sourcecode.c.objc; path = SafeSkate_Mobile_IOSUITestsLaunchTests.m; sourceTree = "<group>"; };
/* End PBXFileReference section */

/* Begin PBXFrameworksBuildPhase section */
		AD88ECA42BE0BB600021D1D6 /* Frameworks */ = {
			isa = PBXFrameworksBuildPhase;
			buildActionMask = 2147483647;
			files = (
			);
			runOnlyForDeploymentPostprocessing = 0;
		};
		AD88ECBF2BE0BB620021D1D6 /* Frameworks */ = {
			isa = PBXFrameworksBuildPhase;
			buildActionMask = 2147483647;
			files = (
			);
			runOnlyForDeploymentPostprocessing = 0;
		};
		AD88ECC92BE0BB620021D1D6 /* Frameworks */ = {
			isa = PBXFrameworksBuildPhase;
			buildActionMask = 2147483647;
			files = (
			);
			runOnlyForDeploymentPostprocessing = 0;
		};
/* End PBXFrameworksBuildPhase section */

/* Begin PBXGroup section */
		AD88EC9E2BE0BB600021D1D6 = {
			isa = PBXGroup;
			children = (
				AD88ECA92BE0BB600021D1D6 /* SafeSkate.Mobile.IOS */,
				AD88ECC52BE0BB620021D1D6 /* SafeSkate.Mobile.IOSTests */,
				AD88ECCF2BE0BB620021D1D6 /* SafeSkate.Mobile.IOSUITests */,
				AD88ECA82BE0BB600021D1D6 /* Products */,
			);
			sourceTree = "<group>";
		};
		AD88ECA82BE0BB600021D1D6 /* Products */ = {
			isa = PBXGroup;
			children = (
				AD88ECA72BE0BB600021D1D6 /* SafeSkate.Mobile.IOS.app */,
				AD88ECC22BE0BB620021D1D6 /* SafeSkate.Mobile.IOSTests.xctest */,
				AD88ECCC2BE0BB620021D1D6 /* SafeSkate.Mobile.IOSUITests.xctest */,
			);
			name = Products;
			sourceTree = "<group>";
		};
		AD88ECA92BE0BB600021D1D6 /* SafeSkate.Mobile.IOS */ = {
			isa = PBXGroup;
			children = (
				AD88ECAA2BE0BB600021D1D6 /* AppDelegate.h */,
				AD88ECAB2BE0BB600021D1D6 /* AppDelegate.m */,
				AD88ECAD2BE0BB600021D1D6 /* SceneDelegate.h */,
				AD88ECAE2BE0BB600021D1D6 /* SceneDelegate.m */,
				AD88ECB02BE0BB600021D1D6 /* ViewController.h */,
				AD88ECB12BE0BB600021D1D6 /* ViewController.m */,
				AD88ECB32BE0BB600021D1D6 /* Main.storyboard */,
				AD88ECB62BE0BB620021D1D6 /* Assets.xcassets */,
				AD88ECB82BE0BB620021D1D6 /* LaunchScreen.storyboard */,
				AD88ECBB2BE0BB620021D1D6 /* Info.plist */,
				AD88ECBC2BE0BB620021D1D6 /* main.m */,
			);
			path = SafeSkate.Mobile.IOS;
			sourceTree = "<group>";
		};
		AD88ECC52BE0BB620021D1D6 /* SafeSkate.Mobile.IOSTests */ = {
			isa = PBXGroup;
			children = (
				AD88ECC62BE0BB620021D1D6 /* SafeSkate_Mobile_IOSTests.m */,
			);
			path = SafeSkate.Mobile.IOSTests;
			sourceTree = "<group>";
		};
		AD88ECCF2BE0BB620021D1D6 /* SafeSkate.Mobile.IOSUITests */ = {
			isa = PBXGroup;
			children = (
				AD88ECD02BE0BB620021D1D6 /* SafeSkate_Mobile_IOSUITests.m */,
				AD88ECD22BE0BB620021D1D6 /* SafeSkate_Mobile_IOSUITestsLaunchTests.m */,
			);
			path = SafeSkate.Mobile.IOSUITests;
			sourceTree = "<group>";
		};
/* End PBXGroup section */

/* Begin PBXNativeTarget section */
		AD88ECA62BE0BB600021D1D6 /* SafeSkate.Mobile.IOS */ = {
			isa = PBXNativeTarget;
			buildConfigurationList = AD88ECD62BE0BB620021D1D6 /* Build configuration list for PBXNativeTarget "SafeSkate.Mobile.IOS" */;
			buildPhases = (
				AD88ECA32BE0BB600021D1D6 /* Sources */,
				AD88ECA42BE0BB600021D1D6 /* Frameworks */,
				AD88ECA52BE0BB600021D1D6 /* Resources */,
			);
			buildRules = (
			);
			dependencies = (
			);
			name = SafeSkate.Mobile.IOS;
			productName = SafeSkate.Mobile.IOS;
			productReference = AD88ECA72BE0BB600021D1D6 /* SafeSkate.Mobile.IOS.app */;
			productType = "com.apple.product-type.application";
		};
		AD88ECC12BE0BB620021D1D6 /* SafeSkate.Mobile.IOSTests */ = {
			isa = PBXNativeTarget;
			buildConfigurationList = AD88ECD92BE0BB620021D1D6 /* Build configuration list for PBXNativeTarget "SafeSkate.Mobile.IOSTests" */;
			buildPhases = (
				AD88ECBE2BE0BB620021D1D6 /* Sources */,
				AD88ECBF2BE0BB620021D1D6 /* Frameworks */,
				AD88ECC02BE0BB620021D1D6 /* Resources */,
			);
			buildRules = (
			);
			dependencies = (
				AD88ECC42BE0BB620021D1D6 /* PBXTargetDependency */,
			);
			name = SafeSkate.Mobile.IOSTests;
			productName = SafeSkate.Mobile.IOSTests;
			productReference = AD88ECC22BE0BB620021D1D6 /* SafeSkate.Mobile.IOSTests.xctest */;
			productType = "com.apple.product-type.bundle.unit-test";
		};
		AD88ECCB2BE0BB620021D1D6 /* SafeSkate.Mobile.IOSUITests */ = {
			isa = PBXNativeTarget;
			buildConfigurationList = AD88ECDC2BE0BB620021D1D6 /* Build configuration list for PBXNativeTarget "SafeSkate.Mobile.IOSUITests" */;
			buildPhases = (
				AD88ECC82BE0BB620021D1D6 /* Sources */,
				AD88ECC92BE0BB620021D1D6 /* Frameworks */,
				AD88ECCA2BE0BB620021D1D6 /* Resources */,
			);
			buildRules = (
			);
			dependencies = (
				AD88ECCE2BE0BB620021D1D6 /* PBXTargetDependency */,
			);
			name = SafeSkate.Mobile.IOSUITests;
			productName = SafeSkate.Mobile.IOSUITests;
			productReference = AD88ECCC2BE0BB620021D1D6 /* SafeSkate.Mobile.IOSUITests.xctest */;
			productType = "com.apple.product-type.bundle.ui-testing";
		};
/* End PBXNativeTarget section */

/* Begin PBXProject section */
		AD88EC9F2BE0BB600021D1D6 /* Project object */ = {
			isa = PBXProject;
			attributes = {
				BuildIndependentTargetsInParallel = 1;
				LastUpgradeCheck = 1530;
				TargetAttributes = {
					AD88ECA62BE0BB600021D1D6 = {
						CreatedOnToolsVersion = 15.3;
					};
					AD88ECC12BE0BB620021D1D6 = {
						CreatedOnToolsVersion = 15.3;
						TestTargetID = AD88ECA62BE0BB600021D1D6;
					};
					AD88ECCB2BE0BB620021D1D6 = {
						CreatedOnToolsVersion = 15.3;
						TestTargetID = AD88ECA62BE0BB600021D1D6;
					};
				};
			};
			buildConfigurationList = AD88ECA22BE0BB600021D1D6 /* Build configuration list for PBXProject "SafeSkate.Mobile.IOS" */;
			compatibilityVersion = "Xcode 14.0";
			developmentRegion = en;
			hasScannedForEncodings = 0;
			knownRegions = (
				en,
				Base,
			);
			mainGroup = AD88EC9E2BE0BB600021D1D6;
			productRefGroup = AD88ECA82BE0BB600021D1D6 /* Products */;
			projectDirPath = "";
			projectRoot = "";
			targets = (
				AD88ECA62BE0BB600021D1D6 /* SafeSkate.Mobile.IOS */,
				AD88ECC12BE0BB620021D1D6 /* SafeSkate.Mobile.IOSTests */,
				AD88ECCB2BE0BB620021D1D6 /* SafeSkate.Mobile.IOSUITests */,
			);
		};
/* End PBXProject section */

/* Begin PBXResourcesBuildPhase section */
		AD88ECA52BE0BB600021D1D6 /* Resources */ = {
			isa = PBXResourcesBuildPhase;
			buildActionMask = 2147483647;
			files = (
				AD88ECB72BE0BB620021D1D6 /* Assets.xcassets in Resources */,
				AD88ECBA2BE0BB620021D1D6 /* Base in Resources */,
				AD88ECB52BE0BB600021D1D6 /* Base in Resources */,
			);
			runOnlyForDeploymentPostprocessing = 0;
		};
		AD88ECC02BE0BB620021D1D6 /* Resources */ = {
			isa = PBXResourcesBuildPhase;
			buildActionMask = 2147483647;
			files = (
			);
			runOnlyForDeploymentPostprocessing = 0;
		};
		AD88ECCA2BE0BB620021D1D6 /* Resources */ = {
			isa = PBXResourcesBuildPhase;
			buildActionMask = 2147483647;
			files = (
			);
			runOnlyForDeploymentPostprocessing = 0;
		};
/* End PBXResourcesBuildPhase section */

/* Begin PBXSourcesBuildPhase section */
		AD88ECA32BE0BB600021D1D6 /* Sources */ = {
			isa = PBXSourcesBuildPhase;
			buildActionMask = 2147483647;
			files = (
				AD88ECB22BE0BB600021D1D6 /* ViewController.m in Sources */,
				AD88ECAC2BE0BB600021D1D6 /* AppDelegate.m in Sources */,
				AD88ECBD2BE0BB620021D1D6 /* main.m in Sources */,
				AD88ECAF2BE0BB600021D1D6 /* SceneDelegate.m in Sources */,
			);
			runOnlyForDeploymentPostprocessing = 0;
		};
		AD88ECBE2BE0BB620021D1D6 /* Sources */ = {
			isa = PBXSourcesBuildPhase;
			buildActionMask = 2147483647;
			files = (
				AD88ECC72BE0BB620021D1D6 /* SafeSkate_Mobile_IOSTests.m in Sources */,
			);
			runOnlyForDeploymentPostprocessing = 0;
		};
		AD88ECC82BE0BB620021D1D6 /* Sources */ = {
			isa = PBXSourcesBuildPhase;
			buildActionMask = 2147483647;
			files = (
				AD88ECD32BE0BB620021D1D6 /* SafeSkate_Mobile_IOSUITestsLaunchTests.m in Sources */,
				AD88ECD12BE0BB620021D1D6 /* SafeSkate_Mobile_IOSUITests.m in Sources */,
			);
			runOnlyForDeploymentPostprocessing = 0;
		};
/* End PBXSourcesBuildPhase section */

/* Begin PBXTargetDependency section */
		AD88ECC42BE0BB620021D1D6 /* PBXTargetDependency */ = {
			isa = PBXTargetDependency;
			target = AD88ECA62BE0BB600021D1D6 /* SafeSkate.Mobile.IOS */;
			targetProxy = AD88ECC32BE0BB620021D1D6 /* PBXContainerItemProxy */;
		};
		AD88ECCE2BE0BB620021D1D6 /* PBXTargetDependency */ = {
			isa = PBXTargetDependency;
			target = AD88ECA62BE0BB600021D1D6 /* SafeSkate.Mobile.IOS */;
			targetProxy = AD88ECCD2BE0BB620021D1D6 /* PBXContainerItemProxy */;
		};
/* End PBXTargetDependency section */

/* Begin PBXVariantGroup section */
		AD88ECB32BE0BB600021D1D6 /* Main.storyboard */ = {
			isa = PBXVariantGroup;
			children = (
				AD88ECB42BE0BB600021D1D6 /* Base */,
			);
			name = Main.storyboard;
			sourceTree = "<group>";
		};
		AD88ECB82BE0BB620021D1D6 /* LaunchScreen.storyboard */ = {
			isa = PBXVariantGroup;
			children = (
				AD88ECB92BE0BB620021D1D6 /* Base */,
			);
			name = LaunchScreen.storyboard;
			sourceTree = "<group>";
		};
/* End PBXVariantGroup section */

/* Begin XCBuildConfiguration section */
		AD88ECD42BE0BB620021D1D6 /* Debug */ = {
			isa = XCBuildConfiguration;
			buildSettings = {
				ALWAYS_SEARCH_USER_PATHS = NO;
				ASSETCATALOG_COMPILER_GENERATE_SWIFT_ASSET_SYMBOL_EXTENSIONS = YES;
				CLANG_ANALYZER_NONNULL = YES;
				CLANG_ANALYZER_NUMBER_OBJECT_CONVERSION = YES_AGGRESSIVE;
				CLANG_CXX_LANGUAGE_STANDARD = "gnu++20";
				CLANG_ENABLE_MODULES = YES;
				CLANG_ENABLE_OBJC_ARC = YES;
				CLANG_ENABLE_OBJC_WEAK = YES;
				CLANG_WARN_BLOCK_CAPTURE_AUTORELEASING = YES;
				CLANG_WARN_BOOL_CONVERSION = YES;
				CLANG_WARN_COMMA = YES;
				CLANG_WARN_CONSTANT_CONVERSION = YES;
				CLANG_WARN_DEPRECATED_OBJC_IMPLEMENTATIONS = YES;
				CLANG_WARN_DIRECT_OBJC_ISA_USAGE = YES_ERROR;
				CLANG_WARN_DOCUMENTATION_COMMENTS = YES;
				CLANG_WARN_EMPTY_BODY = YES;
				CLANG_WARN_ENUM_CONVERSION = YES;
				CLANG_WARN_INFINITE_RECURSION = YES;
				CLANG_WARN_INT_CONVERSION = YES;
				CLANG_WARN_NON_LITERAL_NULL_CONVERSION = YES;
				CLANG_WARN_OBJC_IMPLICIT_RETAIN_SELF = YES;
				CLANG_WARN_OBJC_LITERAL_CONVERSION = YES;
				CLANG_WARN_OBJC_ROOT_CLASS = YES_ERROR;
				CLANG_WARN_QUOTED_INCLUDE_IN_FRAMEWORK_HEADER = YES;
				CLANG_WARN_RANGE_LOOP_ANALYSIS = YES;
				CLANG_WARN_STRICT_PROTOTYPES = YES;
				CLANG_WARN_SUSPICIOUS_MOVE = YES;
				CLANG_WARN_UNGUARDED_AVAILABILITY = YES_AGGRESSIVE;
				CLANG_WARN_UNREACHABLE_CODE = YES;
				CLANG_WARN__DUPLICATE_METHOD_MATCH = YES;
				COPY_PHASE_STRIP = NO;
				DEBUG_INFORMATION_FORMAT = dwarf;
				ENABLE_STRICT_OBJC_MSGSEND = YES;
				ENABLE_TESTABILITY = YES;
				ENABLE_USER_SCRIPT_SANDBOXING = YES;
				GCC_C_LANGUAGE_STANDARD = gnu17;
				GCC_DYNAMIC_NO_PIC = NO;
				GCC_NO_COMMON_BLOCKS = YES;
				GCC_OPTIMIZATION_LEVEL = 0;
				GCC_PREPROCESSOR_DEFINITIONS = (
					"DEBUG=1",
					"$(inherited)",
				);
				GCC_WARN_64_TO_32_BIT_CONVERSION = YES;
				GCC_WARN_ABOUT_RETURN_TYPE = YES_ERROR;
				GCC_WARN_UNDECLARED_SELECTOR = YES;
				GCC_WARN_UNINITIALIZED_AUTOS = YES_AGGRESSIVE;
				GCC_WARN_UNUSED_FUNCTION = YES;
				GCC_WARN_UNUSED_VARIABLE = YES;
				IPHONEOS_DEPLOYMENT_TARGET = 17.4;
				LOCALIZATION_PREFERS_STRING_CATALOGS = YES;
				MTL_ENABLE_DEBUG_INFO = INCLUDE_SOURCE;
				MTL_FAST_MATH = YES;
				ONLY_ACTIVE_ARCH = YES;
				SDKROOT = iphoneos;
			};
			name = Debug;
		};
		AD88ECD52BE0BB620021D1D6 /* Release */ = {
			isa = XCBuildConfiguration;
			buildSettings = {
				ALWAYS_SEARCH_USER_PATHS = NO;
				ASSETCATALOG_COMPILER_GENERATE_SWIFT_ASSET_SYMBOL_EXTENSIONS = YES;
				CLANG_ANALYZER_NONNULL = YES;
				CLANG_ANALYZER_NUMBER_OBJECT_CONVERSION = YES_AGGRESSIVE;
				CLANG_CXX_LANGUAGE_STANDARD = "gnu++20";
				CLANG_ENABLE_MODULES = YES;
				CLANG_ENABLE_OBJC_ARC = YES;
				CLANG_ENABLE_OBJC_WEAK = YES;
				CLANG_WARN_BLOCK_CAPTURE_AUTORELEASING = YES;
				CLANG_WARN_BOOL_CONVERSION = YES;
				CLANG_WARN_COMMA = YES;
				CLANG_WARN_CONSTANT_CONVERSION = YES;
				CLANG_WARN_DEPRECATED_OBJC_IMPLEMENTATIONS = YES;
				CLANG_WARN_DIRECT_OBJC_ISA_USAGE = YES_ERROR;
				CLANG_WARN_DOCUMENTATION_COMMENTS = YES;
				CLANG_WARN_EMPTY_BODY = YES;
				CLANG_WARN_ENUM_CONVERSION = YES;
				CLANG_WARN_INFINITE_RECURSION = YES;
				CLANG_WARN_INT_CONVERSION = YES;
				CLANG_WARN_NON_LITERAL_NULL_CONVERSION = YES;
				CLANG_WARN_OBJC_IMPLICIT_RETAIN_SELF = YES;
				CLANG_WARN_OBJC_LITERAL_CONVERSION = YES;
				CLANG_WARN_OBJC_ROOT_CLASS = YES_ERROR;
				CLANG_WARN_QUOTED_INCLUDE_IN_FRAMEWORK_HEADER = YES;
				CLANG_WARN_RANGE_LOOP_ANALYSIS = YES;
				CLANG_WARN_STRICT_PROTOTYPES = YES;
				CLANG_WARN_SUSPICIOUS_MOVE = YES;
				CLANG_WARN_UNGUARDED_AVAILABILITY = YES_AGGRESSIVE;
				CLANG_WARN_UNREACHABLE_CODE = YES;
				CLANG_WARN__DUPLICATE_METHOD_MATCH = YES;
				COPY_PHASE_STRIP = NO;
				DEBUG_INFORMATION_FORMAT = "dwarf-with-dsym";
				ENABLE_NS_ASSERTIONS = NO;
				ENABLE_STRICT_OBJC_MSGSEND = YES;
				ENABLE_USER_SCRIPT_SANDBOXING = YES;
				GCC_C_LANGUAGE_STANDARD = gnu17;
				GCC_NO_COMMON_BLOCKS = YES;
				GCC_WARN_64_TO_32_BIT_CONVERSION = YES;
				GCC_WARN_ABOUT_RETURN_TYPE = YES_ERROR;
				GCC_WARN_UNDECLARED_SELECTOR = YES;
				GCC_WARN_UNINITIALIZED_AUTOS = YES_AGGRESSIVE;
				GCC_WARN_UNUSED_FUNCTION = YES;
				GCC_WARN_UNUSED_VARIABLE = YES;
				IPHONEOS_DEPLOYMENT_TARGET = 17.4;
				LOCALIZATION_PREFERS_STRING_CATALOGS = YES;
				MTL_ENABLE_DEBUG_INFO = NO;
				MTL_FAST_MATH = YES;
				SDKROOT = iphoneos;
				VALIDATE_PRODUCT = YES;
			};
			name = Release;
		};
		AD88ECD72BE0BB620021D1D6 /* Debug */ = {
			isa = XCBuildConfiguration;
			buildSettings = {
				ASSETCATALOG_COMPILER_APPICON_NAME = AppIcon;
				ASSETCATALOG_COMPILER_GLOBAL_ACCENT_COLOR_NAME = AccentColor;
				CODE_SIGN_STYLE = Automatic;
				CURRENT_PROJECT_VERSION = 1;
				DEVELOPMENT_TEAM = D3WQ8LA6L5;
				GENERATE_INFOPLIST_FILE = YES;
				INFOPLIST_FILE = SafeSkate.Mobile.IOS/Info.plist;
				INFOPLIST_KEY_UIApplicationSupportsIndirectInputEvents = YES;
				INFOPLIST_KEY_UILaunchStoryboardName = LaunchScreen;
				INFOPLIST_KEY_UIMainStoryboardFile = Main;
				INFOPLIST_KEY_UISupportedInterfaceOrientations_iPad = "UIInterfaceOrientationPortrait UIInterfaceOrientationPortraitUpsideDown UIInterfaceOrientationLandscapeLeft UIInterfaceOrientationLandscapeRight";
				INFOPLIST_KEY_UISupportedInterfaceOrientations_iPhone = "UIInterfaceOrientationPortrait UIInterfaceOrientationLandscapeLeft UIInterfaceOrientationLandscapeRight";
				IPHONEOS_DEPLOYMENT_TARGET = 12.0;
				LD_RUNPATH_SEARCH_PATHS = (
					"$(inherited)",
					"@executable_path/Frameworks",
				);
				MARKETING_VERSION = 1.0;
				PRODUCT_BUNDLE_IDENTIFIER = "com.GroupJ.SafeSkate-Mobile-IOS";
				PRODUCT_NAME = "$(TARGET_NAME)";
				SWIFT_EMIT_LOC_STRINGS = YES;
				TARGETED_DEVICE_FAMILY = "1,2";
			};
			name = Debug;
		};
		AD88ECD82BE0BB620021D1D6 /* Release */ = {
			isa = XCBuildConfiguration;
			buildSettings = {
				ASSETCATALOG_COMPILER_APPICON_NAME = AppIcon;
				ASSETCATALOG_COMPILER_GLOBAL_ACCENT_COLOR_NAME = AccentColor;
				CODE_SIGN_STYLE = Automatic;
				CURRENT_PROJECT_VERSION = 1;
				DEVELOPMENT_TEAM = D3WQ8LA6L5;
				GENERATE_INFOPLIST_FILE = YES;
				INFOPLIST_FILE = SafeSkate.Mobile.IOS/Info.plist;
				INFOPLIST_KEY_UIApplicationSupportsIndirectInputEvents = YES;
				INFOPLIST_KEY_UILaunchStoryboardName = LaunchScreen;
				INFOPLIST_KEY_UIMainStoryboardFile = Main;
				INFOPLIST_KEY_UISupportedInterfaceOrientations_iPad = "UIInterfaceOrientationPortrait UIInterfaceOrientationPortraitUpsideDown UIInterfaceOrientationLandscapeLeft UIInterfaceOrientationLandscapeRight";
				INFOPLIST_KEY_UISupportedInterfaceOrientations_iPhone = "UIInterfaceOrientationPortrait UIInterfaceOrientationLandscapeLeft UIInterfaceOrientationLandscapeRight";
				IPHONEOS_DEPLOYMENT_TARGET = 12.0;
				LD_RUNPATH_SEARCH_PATHS = (
					"$(inherited)",
					"@executable_path/Frameworks",
				);
				MARKETING_VERSION = 1.0;
				PRODUCT_BUNDLE_IDENTIFIER = "com.GroupJ.SafeSkate-Mobile-IOS";
				PRODUCT_NAME = "$(TARGET_NAME)";
				SWIFT_EMIT_LOC_STRINGS = YES;
				TARGETED_DEVICE_FAMILY = "1,2";
			};
			name = Release;
		};
		AD88ECDA2BE0BB620021D1D6 /* Debug */ = {
			isa = XCBuildConfiguration;
			buildSettings = {
				BUNDLE_LOADER = "$(TEST_HOST)";
				CODE_SIGN_STYLE = Automatic;
				CURRENT_PROJECT_VERSION = 1;
				DEVELOPMENT_TEAM = D3WQ8LA6L5;
				GENERATE_INFOPLIST_FILE = YES;
				IPHONEOS_DEPLOYMENT_TARGET = 17.4;
				MARKETING_VERSION = 1.0;
				PRODUCT_BUNDLE_IDENTIFIER = "com.GroupJ.SafeSkate-Mobile-IOSTests";
				PRODUCT_NAME = "$(TARGET_NAME)";
				SWIFT_EMIT_LOC_STRINGS = NO;
				TARGETED_DEVICE_FAMILY = "1,2";
				TEST_HOST = "$(BUILT_PRODUCTS_DIR)/SafeSkate.Mobile.IOS.app/$(BUNDLE_EXECUTABLE_FOLDER_PATH)/SafeSkate.Mobile.IOS";
			};
			name = Debug;
		};
		AD88ECDB2BE0BB620021D1D6 /* Release */ = {
			isa = XCBuildConfiguration;
			buildSettings = {
				BUNDLE_LOADER = "$(TEST_HOST)";
				CODE_SIGN_STYLE = Automatic;
				CURRENT_PROJECT_VERSION = 1;
				DEVELOPMENT_TEAM = D3WQ8LA6L5;
				GENERATE_INFOPLIST_FILE = YES;
				IPHONEOS_DEPLOYMENT_TARGET = 17.4;
				MARKETING_VERSION = 1.0;
				PRODUCT_BUNDLE_IDENTIFIER = "com.GroupJ.SafeSkate-Mobile-IOSTests";
				PRODUCT_NAME = "$(TARGET_NAME)";
				SWIFT_EMIT_LOC_STRINGS = NO;
				TARGETED_DEVICE_FAMILY = "1,2";
				TEST_HOST = "$(BUILT_PRODUCTS_DIR)/SafeSkate.Mobile.IOS.app/$(BUNDLE_EXECUTABLE_FOLDER_PATH)/SafeSkate.Mobile.IOS";
			};
			name = Release;
		};
		AD88ECDD2BE0BB620021D1D6 /* Debug */ = {
			isa = XCBuildConfiguration;
			buildSettings = {
				CODE_SIGN_STYLE = Automatic;
				CURRENT_PROJECT_VERSION = 1;
				DEVELOPMENT_TEAM = D3WQ8LA6L5;
				GENERATE_INFOPLIST_FILE = YES;
				MARKETING_VERSION = 1.0;
				PRODUCT_BUNDLE_IDENTIFIER = "com.GroupJ.SafeSkate-Mobile-IOSUITests";
				PRODUCT_NAME = "$(TARGET_NAME)";
				SWIFT_EMIT_LOC_STRINGS = NO;
				TARGETED_DEVICE_FAMILY = "1,2";
				TEST_TARGET_NAME = SafeSkate.Mobile.IOS;
			};
			name = Debug;
		};
		AD88ECDE2BE0BB620021D1D6 /* Release */ = {
			isa = XCBuildConfiguration;
			buildSettings = {
				CODE_SIGN_STYLE = Automatic;
				CURRENT_PROJECT_VERSION = 1;
				DEVELOPMENT_TEAM = D3WQ8LA6L5;
				GENERATE_INFOPLIST_FILE = YES;
				MARKETING_VERSION = 1.0;
				PRODUCT_BUNDLE_IDENTIFIER = "com.GroupJ.SafeSkate-Mobile-IOSUITests";
				PRODUCT_NAME = "$(TARGET_NAME)";
				SWIFT_EMIT_LOC_STRINGS = NO;
				TARGETED_DEVICE_FAMILY = "1,2";
				TEST_TARGET_NAME = SafeSkate.Mobile.IOS;
			};
			name = Release;
		};
/* End XCBuildConfiguration section */

/* Begin XCConfigurationList section */
		AD88ECA22BE0BB600021D1D6 /* Build configuration list for PBXProject "SafeSkate.Mobile.IOS" */ = {
			isa = XCConfigurationList;
			buildConfigurations = (
				AD88ECD42BE0BB620021D1D6 /* Debug */,
				AD88ECD52BE0BB620021D1D6 /* Release */,
			);
			defaultConfigurationIsVisible = 0;
			defaultConfigurationName = Release;
		};
		AD88ECD62BE0BB620021D1D6 /* Build configuration list for PBXNativeTarget "SafeSkate.Mobile.IOS" */ = {
			isa = XCConfigurationList;
			buildConfigurations = (
				AD88ECD72BE0BB620021D1D6 /* Debug */,
				AD88ECD82BE0BB620021D1D6 /* Release */,
			);
			defaultConfigurationIsVisible = 0;
			defaultConfigurationName = Release;
		};
		AD88ECD92BE0BB620021D1D6 /* Build configuration list for PBXNativeTarget "SafeSkate.Mobile.IOSTests" */ = {
			isa = XCConfigurationList;
			buildConfigurations = (
				AD88ECDA2BE0BB620021D1D6 /* Debug */,
				AD88ECDB2BE0BB620021D1D6 /* Release */,
			);
			defaultConfigurationIsVisible = 0;
			defaultConfigurationName = Release;
		};
		AD88ECDC2BE0BB620021D1D6 /* Build configuration list for PBXNativeTarget "SafeSkate.Mobile.IOSUITests" */ = {
			isa = XCConfigurationList;
			buildConfigurations = (
				AD88ECDD2BE0BB620021D1D6 /* Debug */,
				AD88ECDE2BE0BB620021D1D6 /* Release */,
			);
			defaultConfigurationIsVisible = 0;
			defaultConfigurationName = Release;
		};
/* End XCConfigurationList section */
	};
	rootObject = AD88EC9F2BE0BB600021D1D6 /* Project object */;
}
